
Microsoft Visual Studio Solution File, Format Version 12.00
# Visual Studio Version 17
VisualStudioVersion = 17.4.33122.133
MinimumVisualStudioVersion = 10.0.40219.1
Project("{FAE04EC0-301F-11D3-BF4B-00C04F79EFBC}") = "Assignment1 Modern Paint Application", "Assignment1 Modern Paint Application\Assignment1 Modern Paint Application.csproj", "{FDBC6A11-3327-4638-89B9-4E6E051D602B}"
EndProject
Global
	GlobalSection(SolutionConfigurationPlatforms) = preSolution
		Debug|Any CPU = Debug|Any CPU
		Release|Any CPU = Release|Any CPU
	EndGlobalSection
	GlobalSection(ProjectConfigurationPlatforms) = postSolution
		{FDBC6A11-3327-4638-89B9-4E6E051D602B}.Debug|Any CPU.ActiveCfg = Debug|Any CPU
		{FDBC6A11-3327-4638-89B9-4E6E051D602B}.Debug|Any CPU.Build.0 = Debug|Any CPU
		{FDBC6A11-3327-4638-89B9-4E6E051D602B}.Release|Any CPU.ActiveCfg = Release|Any CPU
		{FDBC6A11-3327-4638-89B9-4E6E051D602B}.Release|Any CPU.Build.0 = Release|Any CPU
	EndGlobalSection
	GlobalSection(SolutionProperties) = preSolution
		HideSolutionNode = FALSE
	EndGlobalSection
	GlobalSection(ExtensibilityGlobals) = postSolution
		SolutionGuid = {D7B069E5-0E53-4058-938D-834D3264A9FC}
	EndGlobalSection
EndGlobal
